
Microsoft Visual Studio Solution File, Format Version 12.00
# Visual Studio Version 17
VisualStudioVersion = 17.2.32519.379
MinimumVisualStudioVersion = 10.0.40219.1
Project("{9A19103F-16F7-4668-BE54-9A1E7A4F7556}") = "SnapSoftCalculatorAPI", "SnapSoftCalculatorAPI\SnapSoftCalculatorAPI.csproj", "{1F5582CB-40BD-4A2E-B5C4-CC4AB9CBB899}"
EndProject
Project("{FAE04EC0-301F-11D3-BF4B-00C04F79EFBC}") = "SnapSoftCalculatorAPI.Tests", "SnapSoftCalculatorAPI.Tests\SnapSoftCalculatorAPI.Tests.csproj", "{635CDC90-5E59-4D5D-ACCC-8CCC77BD1570}"
EndProject
Global
	GlobalSection(SolutionConfigurationPlatforms) = preSolution
		Debug|Any CPU = Debug|Any CPU
		Release|Any CPU = Release|Any CPU
	EndGlobalSection
	GlobalSection(ProjectConfigurationPlatforms) = postSolution
		{1F5582CB-40BD-4A2E-B5C4-CC4AB9CBB899}.Debug|Any CPU.ActiveCfg = Debug|Any CPU
		{1F5582CB-40BD-4A2E-B5C4-CC4AB9CBB899}.Debug|Any CPU.Build.0 = Debug|Any CPU
		{1F5582CB-40BD-4A2E-B5C4-CC4AB9CBB899}.Release|Any CPU.ActiveCfg = Release|Any CPU
		{1F5582CB-40BD-4A2E-B5C4-CC4AB9CBB899}.Release|Any CPU.Build.0 = Release|Any CPU
		{635CDC90-5E59-4D5D-ACCC-8CCC77BD1570}.Debug|Any CPU.ActiveCfg = Debug|Any CPU
		{635CDC90-5E59-4D5D-ACCC-8CCC77BD1570}.Debug|Any CPU.Build.0 = Debug|Any CPU
		{635CDC90-5E59-4D5D-ACCC-8CCC77BD1570}.Release|Any CPU.ActiveCfg = Release|Any CPU
		{635CDC90-5E59-4D5D-ACCC-8CCC77BD1570}.Release|Any CPU.Build.0 = Release|Any CPU
	EndGlobalSection
	GlobalSection(SolutionProperties) = preSolution
		HideSolutionNode = FALSE
	EndGlobalSection
	GlobalSection(ExtensibilityGlobals) = postSolution
		SolutionGuid = {300CBC38-66DF-4D88-8046-78861488ACB9}
	EndGlobalSection
EndGlobal
